#MicroXplorer Configuration settings - do not modify
Mcu.Family=STM32F3
ProjectManager.MainLocation=Core/Src
RCC.MCOFreq_Value=72000000
RCC.USART1Freq_Value=36000000
TIM15.AutoReloadPreload=TIM_AUTORELOAD_PRELOAD_ENABLE
TIM17.Prescaler=TIM17_PWM_PRESCALER
USART2.IPParameters=BaudRate,VirtualMode-Asynchronous
RCC.CortexFreq_Value=72000000
VP_TIM17_VS_ClockSourceINT.Mode=Enable_Timer
ProjectManager.KeepUserCode=true
PF0\ /\ OSC_IN.Mode=HSE-External-Clock-Source
Mcu.UserName=STM32F334R8Tx
RCC.PLLCLKFreq_Value=72000000
PB14.GPIO_Label=SERVO2_PWM
PA14.GPIO_Label=TCK
RCC.SYSCLKSourceVirtual=RCC_SYSCLKSOURCE_PLLCLK
SH.S_TIM17_CH1.ConfNb=1
PA0.GPIO_Label=ENCODER_CH1
ProjectManager.functionlistsort=1-MX_GPIO_Init-GPIO-false-HAL-true,2-SystemClock_Config-RCC-false-HAL-false,3-MX_USART2_UART_Init-USART2-false-HAL-true,4-MX_TIM2_Init-TIM2-false-HAL-true,5-MX_TIM15_Init-TIM15-false-HAL-true,6-MX_TIM16_Init-TIM16-false-HAL-true,7-MX_TIM17_Init-TIM17-false-HAL-true,8-MX_TIM3_Init-TIM3-false-HAL-true,9-MX_TIM6_Init-TIM6-false-HAL-true
PC6.GPIO_Label=SERVO1_PWM
RCC.RTCFreq_Value=40000
PA3.GPIOParameters=GPIO_Label
PA6.GPIO_Label=SERVO3_PWM
TIM2.EncoderMode=TIM_ENCODERMODE_TI1
RCC.HSEPLLFreq_Value=8000000
RCC.USART2Freq_Value=32000000
PC13.GPIO_Label=B1 [Blue PushButton]
NVIC.TIM6_DAC1_IRQn=true\:0\:0\:false\:false\:true\:true\:true
PA2.GPIOParameters=GPIO_Label
PinOutPanel.RotationAngle=0
ProjectManager.StackSize=0x400
SH.GPXTI13.0=GPIO_EXTI13
Mcu.IP4=TIM3
RCC.FCLKCortexFreq_Value=72000000
Mcu.IP5=TIM6
NVIC.SVCall_IRQn=true\:0\:0\:false\:false\:true\:false\:false
Mcu.IP2=SYS
Mcu.IP3=TIM2
TIM17.AutoReloadPreload=TIM_AUTORELOAD_PRELOAD_ENABLE
Mcu.IP0=NVIC
Mcu.IP1=RCC
SH.S_TIM16_CH1.ConfNb=1
Mcu.UserConstants=TIM15_PWM_PRESCALER,71;TIM15_PWM_PERIOD,19999;TIM16_PWM_PRESCALER,71;TIM16_PWM_PERIOD,19999;TIM17_PWM_PRESCALER,71;TIM17_PWM_PERIOD,19999;TIM3_PWM_PRESCALER,71;TIM3_PWM_PERIOD,19999;TIM6_PRINT_PRESCALER,7199;TIM6_PRINT_PERIOD,9999
TIM15.Prescaler=TIM15_PWM_PRESCALER
SH.GPXTI13.ConfNb=1
Mcu.ThirdPartyNb=0
RCC.HCLKFreq_Value=72000000
Mcu.IPNb=10
TIM2.IPParameters=Period,EncoderMode,IC1Filter,IC2Filter
ProjectManager.PreviousToolchain=
RCC.APB2TimFreq_Value=72000000
TIM3.Period=TIM3_PWM_PERIOD
Mcu.Pin6=PA1
Mcu.Pin7=PA2
TIM17.IPParameters=Channel,Prescaler,Period,AutoReloadPreload
Mcu.Pin8=PA3
Mcu.Pin9=PA4
RCC.AHBFreq_Value=72000000
RCC.TIM2Freq_Value=72000000
Mcu.Pin0=PC13
Mcu.Pin1=PC14 / OSC32_IN
TIM3.Channel-PWM\ Generation1\ CH1=TIM_CHANNEL_1
GPIO.groupedBy=Group By Peripherals
Mcu.Pin2=PC15 / OSC32_OUT
PC15\ /\ OSC32_OUT.GPIOParameters=GPIO_Label
Mcu.Pin3=PF0 / OSC_IN
RCC.USART3Freq_Value=32000000
Mcu.Pin4=PF1 / OSC_OUT
NVIC.EXTI15_10_IRQn=true\:0\:0\:false\:false\:true\:true\:true
Mcu.Pin5=PA0
ProjectManager.ProjectBuild=false
RCC.HSE_VALUE=8000000
NVIC.UsageFault_IRQn=true\:0\:0\:false\:false\:true\:true\:false
NVIC.DebugMonitor_IRQn=true\:0\:0\:false\:false\:true\:true\:false
PA4.GPIO_PuPd=GPIO_PULLUP
PA4.Locked=true
TIM17.Channel=TIM_CHANNEL_1
USART2.VirtualMode-Asynchronous=VM_ASYNC
NVIC.SysTick_IRQn=true\:0\:0\:true\:false\:true\:true\:true
RCC.PLLMUL=RCC_PLL_MUL9
PC14\ /\ OSC32_IN.Mode=LSE-External-Oscillator
TIM15.Period=TIM15_PWM_PERIOD
TIM17.Period=TIM17_PWM_PERIOD
ProjectManager.FirmwarePackage=STM32Cube FW_F3 V1.11.2
PF0\ /\ OSC_IN.Locked=true
MxDb.Version=DB.6.0.21
PA1.GPIOParameters=GPIO_Label
ProjectManager.BackupPrevious=true
PC14\ /\ OSC32_IN.Signal=RCC_OSC32_IN
PA14.Mode=Serial_Wire
PC15\ /\ OSC32_OUT.Signal=RCC_OSC32_OUT
TIM3.Prescaler=TIM3_PWM_PRESCALER
File.Version=6
PB3.GPIOParameters=GPIO_Label
NVIC.PendSV_IRQn=true\:0\:0\:false\:false\:true\:false\:false
SH.S_TIM3_CH1.0=TIM3_CH1,PWM Generation1 CH1
TIM6.Period=TIM6_PRINT_PERIOD
ProjectManager.HalAssertFull=false
ProjectManager.ProjectName=milo
PA0.Signal=S_TIM2_CH1_ETR
RCC.FLatency-AdvancedSettings=FLASH_LATENCY_2
RCC.TIM1Freq_Value=72000000
PA13.GPIOParameters=GPIO_Label
RCC.PLLMCOFreq_Value=72000000
Mcu.Package=LQFP64
PA6.Signal=S_TIM16_CH1
PA5.Locked=true
PA14.Locked=true
ProjectManager.ToolChainLocation=
PA2.GPIO_Label=USART_TX
RCC.LSI_VALUE=40000
VP_SYS_VS_Systick.Signal=SYS_VS_Systick
PC15\ /\ OSC32_OUT.Mode=LSE-External-Oscillator
PA5.GPIOParameters=GPIO_Label
PB14.GPIOParameters=GPIO_Label
TIM16.AutoReloadPreload=TIM_AUTORELOAD_PRELOAD_ENABLE
RCC.APB1TimFreq_Value=72000000
NVIC.BusFault_IRQn=true\:0\:0\:false\:false\:true\:true\:false
TIM16.Prescaler=TIM16_PWM_PRESCALER
PA4.GPIO_Label=ENCODER_BUTTON
ProjectManager.CustomerFirmwarePackage=
RCC.HRTIM1Freq_Value=72000000
PB3.Locked=true
TIM15.Channel-PWM\ Generation1\ CH1=TIM_CHANNEL_1
PA3.Signal=USART2_RX
PA2.Locked=true
PB3.GPIO_Label=SWO
PA6.GPIOParameters=GPIO_Label
RCC.PLLSourceVirtual=RCC_PLLSOURCE_HSE
NVIC.EXTI4_IRQn=true\:0\:0\:false\:false\:true\:true\:true
ProjectManager.ProjectFileName=milo.ioc
RCC.ADC12outputFreq_Value=72000000
Mcu.PinsNb=22
TIM3.AutoReloadPreload=TIM_AUTORELOAD_PRELOAD_ENABLE
ProjectManager.NoMain=false
TIM2.IC1Filter=15
PC13.Locked=true
PC13.Signal=GPXTI13
TIM6.Prescaler=TIM6_PRINT_PRESCALER
PC6.Signal=S_TIM3_CH1
VP_TIM6_VS_ClockSourceINT.Mode=Enable_Timer
ProjectManager.DefaultFWLocation=true
SH.S_TIM16_CH1.0=TIM16_CH1,PWM Generation1 CH1
VP_TIM16_VS_ClockSourceINT.Mode=Enable_Timer
ProjectManager.DeletePrevious=false
RCC.HSIPLLFreq_Value=4000000
RCC.APB1CLKDivider=RCC_HCLK_DIV2
boardIOC=true
VP_TIM17_VS_ClockSourceINT.Signal=TIM17_VS_ClockSourceINT
NVIC.USART2_IRQn=true\:0\:0\:false\:false\:true\:true\:true
TIM16.Channel=TIM_CHANNEL_1
USART2.BaudRate=115200
SH.S_TIM2_CH1_ETR.ConfNb=1
RCC.FamilyName=M
VP_TIM6_VS_ClockSourceINT.Signal=TIM6_VS_ClockSourceINT
PA13.Signal=SYS_JTMS-SWDIO
PA3.Mode=Asynchronous
SH.S_TIM2_CH2.0=TIM2_CH2,Encoder_Interface
TIM6.IPParameters=Prescaler,Period
ProjectManager.TargetToolchain=STM32CubeIDE
SH.S_TIM2_CH2.ConfNb=1
PA4.GPIO_ModeDefaultEXTI=GPIO_MODE_IT_FALLING
ProjectManager.RegisterCallBack=
TIM15.IPParameters=Channel-PWM Generation1 CH1,Prescaler,Period,AutoReloadPreload
PA1.Signal=S_TIM2_CH2
PF1\ /\ OSC_OUT.Signal=RCC_OSC_OUT
PB14.Signal=S_TIM15_CH1
PA5.Signal=GPIO_Output
board=NUCLEO-F334R8
ProjectManager.LastFirmware=true
SH.S_TIM15_CH1.ConfNb=1
SH.S_TIM15_CH1.0=TIM15_CH1,PWM Generation1 CH1
RCC.VCOOutput2Freq_Value=8000000
TIM16.Period=TIM16_PWM_PERIOD
RCC.APB2Freq_Value=72000000
PF1\ /\ OSC_OUT.Locked=true
PF0\ /\ OSC_IN.Signal=RCC_OSC_IN
MxCube.Version=6.2.1
PC15\ /\ OSC32_OUT.Locked=true
RCC.I2C1Freq_Value=8000000
PC13.GPIOParameters=GPIO_Label,GPIO_ModeDefaultEXTI
PC14\ /\ OSC32_IN.Locked=true
PA1.GPIO_Label=ENCODER_CH2
VP_SYS_VS_Systick.Mode=SysTick
TIM3.IPParameters=Channel-PWM Generation1 CH1,Prescaler,Period,AutoReloadPreload
VP_TIM16_VS_ClockSourceINT.Signal=TIM16_VS_ClockSourceINT
NVIC.NonMaskableInt_IRQn=true\:0\:0\:false\:false\:true\:true\:false
PA4.GPIOParameters=GPIO_PuPd,GPIO_Label,GPIO_ModeDefaultEXTI
TIM2.Period=65535
PC15\ /\ OSC32_OUT.GPIO_Label=RCC_OSC32_OUT
PA13.Mode=Serial_Wire
ProjectManager.FreePins=false
RCC.IPParameters=ADC12outputFreq_Value,AHBFreq_Value,APB1CLKDivider,APB1Freq_Value,APB1TimFreq_Value,APB2Freq_Value,APB2TimFreq_Value,CortexFreq_Value,FCLKCortexFreq_Value,FLatency-AdvancedSettings,FamilyName,HCLKFreq_Value,HRTIM1Freq_Value,HSEPLLFreq_Value,HSE_VALUE,HSIPLLFreq_Value,HSI_VALUE,I2C1Freq_Value,LSI_VALUE,MCOFreq_Value,PLLCLKFreq_Value,PLLMCOFreq_Value,PLLMUL,PLLSourceVirtual,RTCFreq_Value,RTCHSEDivFreq_Value,SYSCLKFreq_VALUE,SYSCLKSourceVirtual,TIM1Freq_Value,TIM2Freq_Value,USART1Freq_Value,USART2Freq_Value,USART3Freq_Value,VCOOutput2Freq_Value
ProjectManager.AskForMigrate=true
Mcu.Name=STM32F334R(6-8)Tx
RCC.RTCHSEDivFreq_Value=250000
PA2.Signal=USART2_TX
PA13.GPIO_Label=TMS
ProjectManager.UnderRoot=true
Mcu.IP8=TIM17
Mcu.IP9=USART2
Mcu.IP6=TIM15
Mcu.IP7=TIM16
ProjectManager.CoupleFile=true
PB3.Signal=SYS_JTDO-TRACESWO
PA4.Signal=GPXTI4
RCC.SYSCLKFreq_VALUE=72000000
PA7.GPIO_Label=SERVO4_PWM
Mcu.Pin20=VP_TIM16_VS_ClockSourceINT
PA3.Locked=true
Mcu.Pin21=VP_TIM17_VS_ClockSourceINT
SH.GPXTI4.0=GPIO_EXTI4
PA5.GPIO_Label=LD2 [Green Led]
NVIC.ForceEnableDMAVector=true
KeepUserPlacement=false
PC13.GPIO_ModeDefaultEXTI=GPIO_MODE_IT_FALLING
PA14.GPIOParameters=GPIO_Label
NVIC.MemoryManagement_IRQn=true\:0\:0\:false\:false\:true\:true\:false
PA13.Locked=true
ProjectManager.CompilerOptimize=6
SH.S_TIM2_CH1_ETR.0=TIM2_CH1,Encoder_Interface
PA14.Signal=SYS_JTCK-SWCLK
ProjectManager.HeapSize=0x200
PA0.GPIOParameters=GPIO_Label
Mcu.Pin15=PA13
NVIC.HardFault_IRQn=true\:0\:0\:false\:false\:true\:true\:false
Mcu.Pin16=PA14
SH.GPXTI4.ConfNb=1
Mcu.Pin13=PB14
PC6.GPIOParameters=GPIO_Label
Mcu.Pin14=PC6
Mcu.Pin19=VP_TIM6_VS_ClockSourceINT
SH.S_TIM3_CH1.ConfNb=1
ProjectManager.ComputerToolchain=false
Mcu.Pin17=PB3
RCC.HSI_VALUE=8000000
Mcu.Pin18=VP_SYS_VS_Systick
SH.S_TIM17_CH1.0=TIM17_CH1,PWM Generation1 CH1
NVIC.PriorityGroup=NVIC_PRIORITYGROUP_0
Mcu.Pin11=PA6
Mcu.Pin12=PA7
Mcu.Pin10=PA5
PA2.Mode=Asynchronous
TIM16.IPParameters=Channel,Prescaler,Period,AutoReloadPreload
RCC.APB1Freq_Value=36000000
PA7.GPIOParameters=GPIO_Label
ProjectManager.DeviceId=STM32F334R8Tx
ProjectManager.LibraryCopy=1
TIM2.IC2Filter=15
PA3.GPIO_Label=USART_RX
PA7.Signal=S_TIM17_CH1
isbadioc=false
